// !$*UTF8*$!
{
	archiveVersion = 1;
	classes = {
	};
	objectVersion = 46;
	objects = {

/* Begin PBXBuildFile section */
		4EC07A181A91C898007BF415 /* AppDelegate.swift in Sources */ = {isa = PBXBuildFile; fileRef = 4EC07A171A91C898007BF415 /* AppDelegate.swift */; };
		4EC07A1A1A91C898007BF415 /* ViewController.swift in Sources */ = {isa = PBXBuildFile; fileRef = 4EC07A191A91C898007BF415 /* ViewController.swift */; };
		4EC07A1D1A91C898007BF415 /* Main.storyboard in Resources */ = {isa = PBXBuildFile; fileRef = 4EC07A1B1A91C898007BF415 /* Main.storyboard */; };
		4EC07A1F1A91C898007BF415 /* Images.xcassets in Resources */ = {isa = PBXBuildFile; fileRef = 4EC07A1E1A91C898007BF415 /* Images.xcassets */; };
		4EC07A221A91C898007BF415 /* LaunchScreen.xib in Resources */ = {isa = PBXBuildFile; fileRef = 4EC07A201A91C898007BF415 /* LaunchScreen.xib */; };
		4EC07A2E1A91C898007BF415 /* Rock_Paper_ScissorsTests.swift in Sources */ = {isa = PBXBuildFile; fileRef = 4EC07A2D1A91C898007BF415 /* Rock_Paper_ScissorsTests.swift */; };
		4EC07A411A91C8AE007BF415 /* InterfaceController.swift in Sources */ = {isa = PBXBuildFile; fileRef = 4EC07A401A91C8AE007BF415 /* InterfaceController.swift */; };
		4EC07A431A91C8AE007BF415 /* NotificationController.swift in Sources */ = {isa = PBXBuildFile; fileRef = 4EC07A421A91C8AE007BF415 /* NotificationController.swift */; };
		4EC07A451A91C8AE007BF415 /* Images.xcassets in Resources */ = {isa = PBXBuildFile; fileRef = 4EC07A441A91C8AE007BF415 /* Images.xcassets */; };
		4EC07A491A91C8AE007BF415 /* Rock Paper Scissors WatchKit App.app in Resources */ = {isa = PBXBuildFile; fileRef = 4EC07A481A91C8AE007BF415 /* Rock Paper Scissors WatchKit App.app */; };
		4EC07A511A91C8AE007BF415 /* Interface.storyboard in Resources */ = {isa = PBXBuildFile; fileRef = 4EC07A4F1A91C8AE007BF415 /* Interface.storyboard */; };
		4EC07A531A91C8AE007BF415 /* Images.xcassets in Resources */ = {isa = PBXBuildFile; fileRef = 4EC07A521A91C8AE007BF415 /* Images.xcassets */; };
		4EC07A561A91C8AE007BF415 /* Rock Paper Scissors WatchKit Extension.appex in Embed App Extensions */ = {isa = PBXBuildFile; fileRef = 4EC07A3B1A91C8AE007BF415 /* Rock Paper Scissors WatchKit Extension.appex */; settings = {ATTRIBUTES = (RemoveHeadersOnCopy, ); }; };
/* End PBXBuildFile section */

/* Begin PBXContainerItemProxy section */
		4EC07A281A91C898007BF415 /* PBXContainerItemProxy */ = {
			isa = PBXContainerItemProxy;
			containerPortal = 4EC07A0A1A91C898007BF415 /* Project object */;
			proxyType = 1;
			remoteGlobalIDString = 4EC07A111A91C898007BF415;
			remoteInfo = "Rock Paper Scissors";
		};
		4EC07A4A1A91C8AE007BF415 /* PBXContainerItemProxy */ = {
			isa = PBXContainerItemProxy;
			containerPortal = 4EC07A0A1A91C898007BF415 /* Project object */;
			proxyType = 1;
			remoteGlobalIDString = 4EC07A471A91C8AE007BF415;
			remoteInfo = "Rock Paper Scissors WatchKit App";
		};
		4EC07A541A91C8AE007BF415 /* PBXContainerItemProxy */ = {
			isa = PBXContainerItemProxy;
			containerPortal = 4EC07A0A1A91C898007BF415 /* Project object */;
			proxyType = 1;
			remoteGlobalIDString = 4EC07A3A1A91C8AE007BF415;
			remoteInfo = "Rock Paper Scissors WatchKit Extension";
		};
/* End PBXContainerItemProxy section */

/* Begin PBXCopyFilesBuildPhase section */
		4EC07A5D1A91C8AE007BF415 /* Embed App Extensions */ = {
			isa = PBXCopyFilesBuildPhase;
			buildActionMask = 2147483647;
			dstPath = "";
			dstSubfolderSpec = 13;
			files = (
				4EC07A561A91C8AE007BF415 /* Rock Paper Scissors WatchKit Extension.appex in Embed App Extensions */,
			);
			name = "Embed App Extensions";
			runOnlyForDeploymentPostprocessing = 0;
		};
/* End PBXCopyFilesBuildPhase section */

/* Begin PBXFileReference section */
		4EC07A121A91C898007BF415 /* Rock Paper Scissors.app */ = {isa = PBXFileReference; explicitFileType = wrapper.application; includeInIndex = 0; path = "Rock Paper Scissors.app"; sourceTree = BUILT_PRODUCTS_DIR; };
		4EC07A161A91C898007BF415 /* Info.plist */ = {isa = PBXFileReference; lastKnownFileType = text.plist.xml; path = Info.plist; sourceTree = "<group>"; };
		4EC07A171A91C898007BF415 /* AppDelegate.swift */ = {isa = PBXFileReference; lastKnownFileType = sourcecode.swift; path = AppDelegate.swift; sourceTree = "<group>"; };
		4EC07A191A91C898007BF415 /* ViewController.swift */ = {isa = PBXFileReference; lastKnownFileType = sourcecode.swift; path = ViewController.swift; sourceTree = "<group>"; };
		4EC07A1C1A91C898007BF415 /* Base */ = {isa = PBXFileReference; lastKnownFileType = file.storyboard; name = Base; path = Base.lproj/Main.storyboard; sourceTree = "<group>"; };
		4EC07A1E1A91C898007BF415 /* Images.xcassets */ = {isa = PBXFileReference; lastKnownFileType = folder.assetcatalog; path = Images.xcassets; sourceTree = "<group>"; };
		4EC07A211A91C898007BF415 /* Base */ = {isa = PBXFileReference; lastKnownFileType = file.xib; name = Base; path = Base.lproj/LaunchScreen.xib; sourceTree = "<group>"; };
		4EC07A271A91C898007BF415 /* Rock Paper ScissorsTests.xctest */ = {isa = PBXFileReference; explicitFileType = wrapper.cfbundle; includeInIndex = 0; path = "Rock Paper ScissorsTests.xctest"; sourceTree = BUILT_PRODUCTS_DIR; };
		4EC07A2C1A91C898007BF415 /* Info.plist */ = {isa = PBXFileReference; lastKnownFileType = text.plist.xml; path = Info.plist; sourceTree = "<group>"; };
		4EC07A2D1A91C898007BF415 /* Rock_Paper_ScissorsTests.swift */ = {isa = PBXFileReference; lastKnownFileType = sourcecode.swift; path = Rock_Paper_ScissorsTests.swift; sourceTree = "<group>"; };
		4EC07A3B1A91C8AE007BF415 /* Rock Paper Scissors WatchKit Extension.appex */ = {isa = PBXFileReference; explicitFileType = "wrapper.app-extension"; includeInIndex = 0; path = "Rock Paper Scissors WatchKit Extension.appex"; sourceTree = BUILT_PRODUCTS_DIR; };
		4EC07A3E1A91C8AE007BF415 /* Info.plist */ = {isa = PBXFileReference; lastKnownFileType = text.plist.xml; path = Info.plist; sourceTree = "<group>"; };
		4EC07A3F1A91C8AE007BF415 /* PushNotificationPayload.apns */ = {isa = PBXFileReference; lastKnownFileType = text; path = PushNotificationPayload.apns; sourceTree = "<group>"; };
		4EC07A401A91C8AE007BF415 /* InterfaceController.swift */ = {isa = PBXFileReference; lastKnownFileType = sourcecode.swift; path = InterfaceController.swift; sourceTree = "<group>"; };
		4EC07A421A91C8AE007BF415 /* NotificationController.swift */ = {isa = PBXFileReference; lastKnownFileType = sourcecode.swift; path = NotificationController.swift; sourceTree = "<group>"; };
		4EC07A441A91C8AE007BF415 /* Images.xcassets */ = {isa = PBXFileReference; lastKnownFileType = folder.assetcatalog; path = Images.xcassets; sourceTree = "<group>"; };
		4EC07A481A91C8AE007BF415 /* Rock Paper Scissors WatchKit App.app */ = {isa = PBXFileReference; explicitFileType = wrapper.application; includeInIndex = 0; path = "Rock Paper Scissors WatchKit App.app"; sourceTree = BUILT_PRODUCTS_DIR; };
		4EC07A4E1A91C8AE007BF415 /* Info.plist */ = {isa = PBXFileReference; lastKnownFileType = text.plist.xml; path = Info.plist; sourceTree = "<group>"; };
		4EC07A501A91C8AE007BF415 /* Base */ = {isa = PBXFileReference; lastKnownFileType = file.storyboard; name = Base; path = Base.lproj/Interface.storyboard; sourceTree = "<group>"; };
		4EC07A521A91C8AE007BF415 /* Images.xcassets */ = {isa = PBXFileReference; lastKnownFileType = folder.assetcatalog; path = Images.xcassets; sourceTree = "<group>"; };
/* End PBXFileReference section */

/* Begin PBXFrameworksBuildPhase section */
		4EC07A0F1A91C898007BF415 /* Frameworks */ = {
			isa = PBXFrameworksBuildPhase;
			buildActionMask = 2147483647;
			files = (
			);
			runOnlyForDeploymentPostprocessing = 0;
		};
		4EC07A241A91C898007BF415 /* Frameworks */ = {
			isa = PBXFrameworksBuildPhase;
			buildActionMask = 2147483647;
			files = (
			);
			runOnlyForDeploymentPostprocessing = 0;
		};
		4EC07A381A91C8AE007BF415 /* Frameworks */ = {
			isa = PBXFrameworksBuildPhase;
			buildActionMask = 2147483647;
			files = (
			);
			runOnlyForDeploymentPostprocessing = 0;
		};
/* End PBXFrameworksBuildPhase section */

/* Begin PBXGroup section */
		4EC07A091A91C898007BF415 = {
			isa = PBXGroup;
			children = (
				4EC07A141A91C898007BF415 /* Rock Paper Scissors */,
				4EC07A2A1A91C898007BF415 /* Rock Paper ScissorsTests */,
				4EC07A3C1A91C8AE007BF415 /* Rock Paper Scissors WatchKit Extension */,
				4EC07A4C1A91C8AE007BF415 /* Rock Paper Scissors WatchKit App */,
				4EC07A131A91C898007BF415 /* Products */,
			);
			sourceTree = "<group>";
		};
		4EC07A131A91C898007BF415 /* Products */ = {
			isa = PBXGroup;
			children = (
				4EC07A121A91C898007BF415 /* Rock Paper Scissors.app */,
				4EC07A271A91C898007BF415 /* Rock Paper ScissorsTests.xctest */,
				4EC07A3B1A91C8AE007BF415 /* Rock Paper Scissors WatchKit Extension.appex */,
				4EC07A481A91C8AE007BF415 /* Rock Paper Scissors WatchKit App.app */,
			);
			name = Products;
			sourceTree = "<group>";
		};
		4EC07A141A91C898007BF415 /* Rock Paper Scissors */ = {
			isa = PBXGroup;
			children = (
				4EC07A171A91C898007BF415 /* AppDelegate.swift */,
				4EC07A191A91C898007BF415 /* ViewController.swift */,
				4EC07A1B1A91C898007BF415 /* Main.storyboard */,
				4EC07A1E1A91C898007BF415 /* Images.xcassets */,
				4EC07A201A91C898007BF415 /* LaunchScreen.xib */,
				4EC07A151A91C898007BF415 /* Supporting Files */,
			);
			path = "Rock Paper Scissors";
			sourceTree = "<group>";
		};
		4EC07A151A91C898007BF415 /* Supporting Files */ = {
			isa = PBXGroup;
			children = (
				4EC07A161A91C898007BF415 /* Info.plist */,
			);
			name = "Supporting Files";
			sourceTree = "<group>";
		};
		4EC07A2A1A91C898007BF415 /* Rock Paper ScissorsTests */ = {
			isa = PBXGroup;
			children = (
				4EC07A2D1A91C898007BF415 /* Rock_Paper_ScissorsTests.swift */,
				4EC07A2B1A91C898007BF415 /* Supporting Files */,
			);
			path = "Rock Paper ScissorsTests";
			sourceTree = "<group>";
		};
		4EC07A2B1A91C898007BF415 /* Supporting Files */ = {
			isa = PBXGroup;
			children = (
				4EC07A2C1A91C898007BF415 /* Info.plist */,
			);
			name = "Supporting Files";
			sourceTree = "<group>";
		};
		4EC07A3C1A91C8AE007BF415 /* Rock Paper Scissors WatchKit Extension */ = {
			isa = PBXGroup;
			children = (
				4EC07A401A91C8AE007BF415 /* InterfaceController.swift */,
				4EC07A421A91C8AE007BF415 /* NotificationController.swift */,
				4EC07A441A91C8AE007BF415 /* Images.xcassets */,
				4EC07A3D1A91C8AE007BF415 /* Supporting Files */,
			);
			path = "Rock Paper Scissors WatchKit Extension";
			sourceTree = "<group>";
		};
		4EC07A3D1A91C8AE007BF415 /* Supporting Files */ = {
			isa = PBXGroup;
			children = (
				4EC07A3E1A91C8AE007BF415 /* Info.plist */,
				4EC07A3F1A91C8AE007BF415 /* PushNotificationPayload.apns */,
			);
			name = "Supporting Files";
			sourceTree = "<group>";
		};
		4EC07A4C1A91C8AE007BF415 /* Rock Paper Scissors WatchKit App */ = {
			isa = PBXGroup;
			children = (
				4EC07A4F1A91C8AE007BF415 /* Interface.storyboard */,
				4EC07A521A91C8AE007BF415 /* Images.xcassets */,
				4EC07A4D1A91C8AE007BF415 /* Supporting Files */,
			);
			path = "Rock Paper Scissors WatchKit App";
			sourceTree = "<group>";
		};
		4EC07A4D1A91C8AE007BF415 /* Supporting Files */ = {
			isa = PBXGroup;
			children = (
				4EC07A4E1A91C8AE007BF415 /* Info.plist */,
			);
			name = "Supporting Files";
			sourceTree = "<group>";
		};
/* End PBXGroup section */

/* Begin PBXNativeTarget section */
		4EC07A111A91C898007BF415 /* Rock Paper Scissors */ = {
			isa = PBXNativeTarget;
			buildConfigurationList = 4EC07A311A91C898007BF415 /* Build configuration list for PBXNativeTarget "Rock Paper Scissors" */;
			buildPhases = (
				4EC07A0E1A91C898007BF415 /* Sources */,
				4EC07A0F1A91C898007BF415 /* Frameworks */,
				4EC07A101A91C898007BF415 /* Resources */,
				4EC07A5D1A91C8AE007BF415 /* Embed App Extensions */,
			);
			buildRules = (
			);
			dependencies = (
				4EC07A551A91C8AE007BF415 /* PBXTargetDependency */,
			);
			name = "Rock Paper Scissors";
			productName = "Rock Paper Scissors";
			productReference = 4EC07A121A91C898007BF415 /* Rock Paper Scissors.app */;
			productType = "com.apple.product-type.application";
		};
		4EC07A261A91C898007BF415 /* Rock Paper ScissorsTests */ = {
			isa = PBXNativeTarget;
			buildConfigurationList = 4EC07A341A91C898007BF415 /* Build configuration list for PBXNativeTarget "Rock Paper ScissorsTests" */;
			buildPhases = (
				4EC07A231A91C898007BF415 /* Sources */,
				4EC07A241A91C898007BF415 /* Frameworks */,
				4EC07A251A91C898007BF415 /* Resources */,
			);
			buildRules = (
			);
			dependencies = (
				4EC07A291A91C898007BF415 /* PBXTargetDependency */,
			);
			name = "Rock Paper ScissorsTests";
			productName = "Rock Paper ScissorsTests";
			productReference = 4EC07A271A91C898007BF415 /* Rock Paper ScissorsTests.xctest */;
			productType = "com.apple.product-type.bundle.unit-test";
		};
		4EC07A3A1A91C8AE007BF415 /* Rock Paper Scissors WatchKit Extension */ = {
			isa = PBXNativeTarget;
			buildConfigurationList = 4EC07A5A1A91C8AE007BF415 /* Build configuration list for PBXNativeTarget "Rock Paper Scissors WatchKit Extension" */;
			buildPhases = (
				4EC07A371A91C8AE007BF415 /* Sources */,
				4EC07A381A91C8AE007BF415 /* Frameworks */,
				4EC07A391A91C8AE007BF415 /* Resources */,
			);
			buildRules = (
			);
			dependencies = (
				4EC07A4B1A91C8AE007BF415 /* PBXTargetDependency */,
			);
			name = "Rock Paper Scissors WatchKit Extension";
			productName = "Rock Paper Scissors WatchKit Extension";
			productReference = 4EC07A3B1A91C8AE007BF415 /* Rock Paper Scissors WatchKit Extension.appex */;
			productType = "com.apple.product-type.watchkit-extension";
		};
		4EC07A471A91C8AE007BF415 /* Rock Paper Scissors WatchKit App */ = {
			isa = PBXNativeTarget;
			buildConfigurationList = 4EC07A571A91C8AE007BF415 /* Build configuration list for PBXNativeTarget "Rock Paper Scissors WatchKit App" */;
			buildPhases = (
				4EC07A461A91C8AE007BF415 /* Resources */,
			);
			buildRules = (
			);
			dependencies = (
			);
			name = "Rock Paper Scissors WatchKit App";
			productName = "Rock Paper Scissors WatchKit App";
			productReference = 4EC07A481A91C8AE007BF415 /* Rock Paper Scissors WatchKit App.app */;
			productType = "com.apple.product-type.application.watchapp";
		};
/* End PBXNativeTarget section */

/* Begin PBXProject section */
		4EC07A0A1A91C898007BF415 /* Project object */ = {
			isa = PBXProject;
			attributes = {
				LastUpgradeCheck = 0620;
				ORGANIZATIONNAME = "Yezhisai Murugesan";
				TargetAttributes = {
					4EC07A111A91C898007BF415 = {
						CreatedOnToolsVersion = 6.2;
					};
					4EC07A261A91C898007BF415 = {
						CreatedOnToolsVersion = 6.2;
						TestTargetID = 4EC07A111A91C898007BF415;
					};
					4EC07A3A1A91C8AE007BF415 = {
						CreatedOnToolsVersion = 6.2;
					};
					4EC07A471A91C8AE007BF415 = {
						CreatedOnToolsVersion = 6.2;
					};
				};
			};
			buildConfigurationList = 4EC07A0D1A91C898007BF415 /* Build configuration list for PBXProject "Rock Paper Scissors" */;
			compatibilityVersion = "Xcode 3.2";
			developmentRegion = English;
			hasScannedForEncodings = 0;
			knownRegions = (
				en,
				Base,
			);
			mainGroup = 4EC07A091A91C898007BF415;
			productRefGroup = 4EC07A131A91C898007BF415 /* Products */;
			projectDirPath = "";
			projectRoot = "";
			targets = (
				4EC07A111A91C898007BF415 /* Rock Paper Scissors */,
				4EC07A261A91C898007BF415 /* Rock Paper ScissorsTests */,
				4EC07A3A1A91C8AE007BF415 /* Rock Paper Scissors WatchKit Extension */,
				4EC07A471A91C8AE007BF415 /* Rock Paper Scissors WatchKit App */,
			);
		};
/* End PBXProject section */

/* Begin PBXResourcesBuildPhase section */
		4EC07A101A91C898007BF415 /* Resources */ = {
			isa = PBXResourcesBuildPhase;
			buildActionMask = 2147483647;
			files = (
				4EC07A1D1A91C898007BF415 /* Main.storyboard in Resources */,
				4EC07A221A91C898007BF415 /* LaunchScreen.xib in Resources */,
				4EC07A1F1A91C898007BF415 /* Images.xcassets in Resources */,
			);
			runOnlyForDeploymentPostprocessing = 0;
		};
		4EC07A251A91C898007BF415 /* Resources */ = {
			isa = PBXResourcesBuildPhase;
			buildActionMask = 2147483647;
			files = (
			);
			runOnlyForDeploymentPostprocessing = 0;
		};
		4EC07A391A91C8AE007BF415 /* Resources */ = {
			isa = PBXResourcesBuildPhase;
			buildActionMask = 2147483647;
			files = (
				4EC07A451A91C8AE007BF415 /* Images.xcassets in Resources */,
				4EC07A491A91C8AE007BF415 /* Rock Paper Scissors WatchKit App.app in Resources */,
			);
			runOnlyForDeploymentPostprocessing = 0;
		};
		4EC07A461A91C8AE007BF415 /* Resources */ = {
			isa = PBXResourcesBuildPhase;
			buildActionMask = 2147483647;
			files = (
				4EC07A511A91C8AE007BF415 /* Interface.storyboard in Resources */,
				4EC07A531A91C8AE007BF415 /* Images.xcassets in Resources */,
			);
			runOnlyForDeploymentPostprocessing = 0;
		};
/* End PBXResourcesBuildPhase section */

/* Begin PBXSourcesBuildPhase section */
		4EC07A0E1A91C898007BF415 /* Sources */ = {
			isa = PBXSourcesBuildPhase;
			buildActionMask = 2147483647;
			files = (
				4EC07A1A1A91C898007BF415 /* ViewController.swift in Sources */,
				4EC07A181A91C898007BF415 /* AppDelegate.swift in Sources */,
			);
			runOnlyForDeploymentPostprocessing = 0;
		};
		4EC07A231A91C898007BF415 /* Sources */ = {
			isa = PBXSourcesBuildPhase;
			buildActionMask = 2147483647;
			files = (
				4EC07A2E1A91C898007BF415 /* Rock_Paper_ScissorsTests.swift in Sources */,
			);
			runOnlyForDeploymentPostprocessing = 0;
		};
		4EC07A371A91C8AE007BF415 /* Sources */ = {
			isa = PBXSourcesBuildPhase;
			buildActionMask = 2147483647;
			files = (
				4EC07A431A91C8AE007BF415 /* NotificationController.swift in Sources */,
				4EC07A411A91C8AE007BF415 /* InterfaceController.swift in Sources */,
			);
			runOnlyForDeploymentPostprocessing = 0;
		};
/* End PBXSourcesBuildPhase section */

/* Begin PBXTargetDependency section */
		4EC07A291A91C898007BF415 /* PBXTargetDependency */ = {
			isa = PBXTargetDependency;
			target = 4EC07A111A91C898007BF415 /* Rock Paper Scissors */;
			targetProxy = 4EC07A281A91C898007BF415 /* PBXContainerItemProxy */;
		};
		4EC07A4B1A91C8AE007BF415 /* PBXTargetDependency */ = {
			isa = PBXTargetDependency;
			target = 4EC07A471A91C8AE007BF415 /* Rock Paper Scissors WatchKit App */;
			targetProxy = 4EC07A4A1A91C8AE007BF415 /* PBXContainerItemProxy */;
		};
		4EC07A551A91C8AE007BF415 /* PBXTargetDependency */ = {
			isa = PBXTargetDependency;
			target = 4EC07A3A1A91C8AE007BF415 /* Rock Paper Scissors WatchKit Extension */;
			targetProxy = 4EC07A541A91C8AE007BF415 /* PBXContainerItemProxy */;
		};
/* End PBXTargetDependency section */

/* Begin PBXVariantGroup section */
		4EC07A1B1A91C898007BF415 /* Main.storyboard */ = {
			isa = PBXVariantGroup;
			children = (
				4EC07A1C1A91C898007BF415 /* Base */,
			);
			name = Main.storyboard;
			sourceTree = "<group>";
		};
		4EC07A201A91C898007BF415 /* LaunchScreen.xib */ = {
			isa = PBXVariantGroup;
			children = (
				4EC07A211A91C898007BF415 /* Base */,
			);
			name = LaunchScreen.xib;
			sourceTree = "<group>";
		};
		4EC07A4F1A91C8AE007BF415 /* Interface.storyboard */ = {
			isa = PBXVariantGroup;
			children = (
				4EC07A501A91C8AE007BF415 /* Base */,
			);
			name = Interface.storyboard;
			sourceTree = "<group>";
		};
/* End PBXVariantGroup section */

/* Begin XCBuildConfiguration section */
		4EC07A2F1A91C898007BF415 /* Debug */ = {
			isa = XCBuildConfiguration;
			buildSettings = {
				ALWAYS_SEARCH_USER_PATHS = NO;
				CLANG_CXX_LANGUAGE_STANDARD = "gnu++0x";
				CLANG_CXX_LIBRARY = "libc++";
				CLANG_ENABLE_MODULES = YES;
				CLANG_ENABLE_OBJC_ARC = YES;
				CLANG_WARN_BOOL_CONVERSION = YES;
				CLANG_WARN_CONSTANT_CONVERSION = YES;
				CLANG_WARN_DIRECT_OBJC_ISA_USAGE = YES_ERROR;
				CLANG_WARN_EMPTY_BODY = YES;
				CLANG_WARN_ENUM_CONVERSION = YES;
				CLANG_WARN_INT_CONVERSION = YES;
				CLANG_WARN_OBJC_ROOT_CLASS = YES_ERROR;
				CLANG_WARN_UNREACHABLE_CODE = YES;
				CLANG_WARN__DUPLICATE_METHOD_MATCH = YES;
				"CODE_SIGN_IDENTITY[sdk=iphoneos*]" = "iPhone Developer";
				COPY_PHASE_STRIP = NO;
				ENABLE_STRICT_OBJC_MSGSEND = YES;
				GCC_C_LANGUAGE_STANDARD = gnu99;
				GCC_DYNAMIC_NO_PIC = NO;
				GCC_OPTIMIZATION_LEVEL = 0;
				GCC_PREPROCESSOR_DEFINITIONS = (
					"DEBUG=1",
					"$(inherited)",
				);
				GCC_SYMBOLS_PRIVATE_EXTERN = NO;
				GCC_WARN_64_TO_32_BIT_CONVERSION = YES;
				GCC_WARN_ABOUT_RETURN_TYPE = YES_ERROR;
				GCC_WARN_UNDECLARED_SELECTOR = YES;
				GCC_WARN_UNINITIALIZED_AUTOS = YES_AGGRESSIVE;
				GCC_WARN_UNUSED_FUNCTION = YES;
				GCC_WARN_UNUSED_VARIABLE = YES;
				IPHONEOS_DEPLOYMENT_TARGET = 8.2;
				MTL_ENABLE_DEBUG_INFO = YES;
				ONLY_ACTIVE_ARCH = YES;
				SDKROOT = iphoneos;
				SWIFT_OPTIMIZATION_LEVEL = "-Onone";
				TARGETED_DEVICE_FAMILY = "1,2";
			};
			name = Debug;
		};
		4EC07A301A91C898007BF415 /* Release */ = {
			isa = XCBuildConfiguration;
			buildSettings = {
				ALWAYS_SEARCH_USER_PATHS = NO;
				CLANG_CXX_LANGUAGE_STANDARD = "gnu++0x";
				CLANG_CXX_LIBRARY = "libc++";
				CLANG_ENABLE_MODULES = YES;
				CLANG_ENABLE_OBJC_ARC = YES;
				CLANG_WARN_BOOL_CONVERSION = YES;
				CLANG_WARN_CONSTANT_CONVERSION = YES;
				CLANG_WARN_DIRECT_OBJC_ISA_USAGE = YES_ERROR;
				CLANG_WARN_EMPTY_BODY = YES;
				CLANG_WARN_ENUM_CONVERSION = YES;
				CLANG_WARN_INT_CONVERSION = YES;
				CLANG_WARN_OBJC_ROOT_CLASS = YES_ERROR;
				CLANG_WARN_UNREACHABLE_CODE = YES;
				CLANG_WARN__DUPLICATE_METHOD_MATCH = YES;
				"CODE_SIGN_IDENTITY[sdk=iphoneos*]" = "iPhone Developer";
				COPY_PHASE_STRIP = NO;
				ENABLE_NS_ASSERTIONS = NO;
				ENABLE_STRICT_OBJC_MSGSEND = YES;
				GCC_C_LANGUAGE_STANDARD = gnu99;
				GCC_WARN_64_TO_32_BIT_CONVERSION = YES;
				GCC_WARN_ABOUT_RETURN_TYPE = YES_ERROR;
				GCC_WARN_UNDECLARED_SELECTOR = YES;
				GCC_WARN_UNINITIALIZED_AUTOS = YES_AGGRESSIVE;
				GCC_WARN_UNUSED_FUNCTION = YES;
				GCC_WARN_UNUSED_VARIABLE = YES;
				IPHONEOS_DEPLOYMENT_TARGET = 8.2;
				MTL_ENABLE_DEBUG_INFO = NO;
				SDKROOT = iphoneos;
				TARGETED_DEVICE_FAMILY = "1,2";
				VALIDATE_PRODUCT = YES;
			};
			name = Release;
		};
		4EC07A321A91C898007BF415 /* Debug */ = {
			isa = XCBuildConfiguration;
			buildSettings = {
				ASSETCATALOG_COMPILER_APPICON_NAME = AppIcon;
				EMBEDDED_CONTENT_CONTAINS_SWIFT = YES;
				INFOPLIST_FILE = "Rock Paper Scissors/Info.plist";
				LD_RUNPATH_SEARCH_PATHS = "$(inherited) @executable_path/Frameworks";
				PRODUCT_NAME = "$(TARGET_NAME)";
			};
			name = Debug;
		};
		4EC07A331A91C898007BF415 /* Release */ = {
			isa = XCBuildConfiguration;
			buildSettings = {
				ASSETCATALOG_COMPILER_APPICON_NAME = AppIcon;
				EMBEDDED_CONTENT_CONTAINS_SWIFT = YES;
				INFOPLIST_FILE = "Rock Paper Scissors/Info.plist";
				LD_RUNPATH_SEARCH_PATHS = "$(inherited) @executable_path/Frameworks";
				PRODUCT_NAME = "$(TARGET_NAME)";
			};
			name = Release;
		};
		4EC07A351A91C898007BF415 /* Debug */ = {
			isa = XCBuildConfiguration;
			buildSettings = {
				BUNDLE_LOADER = "$(TEST_HOST)";
				FRAMEWORK_SEARCH_PATHS = (
					"$(SDKROOT)/Developer/Library/Frameworks",
					"$(inherited)",
				);
				GCC_PREPROCESSOR_DEFINITIONS = (
					"DEBUG=1",
					"$(inherited)",
				);
				INFOPLIST_FILE = "Rock Paper ScissorsTests/Info.plist";
				LD_RUNPATH_SEARCH_PATHS = "$(inherited) @executable_path/Frameworks @loader_path/Frameworks";
				PRODUCT_NAME = "$(TARGET_NAME)";
				TEST_HOST = "$(BUILT_PRODUCTS_DIR)/Rock Paper Scissors.app/Rock Paper Scissors";
			};
			name = Debug;
		};
		4EC07A361A91C898007BF415 /* Release */ = {
			isa = XCBuildConfiguration;
			buildSettings = {
				BUNDLE_LOADER = "$(TEST_HOST)";
				FRAMEWORK_SEARCH_PATHS = (
					"$(SDKROOT)/Developer/Library/Frameworks",
					"$(inherited)",
				);
				INFOPLIST_FILE = "Rock Paper ScissorsTests/Info.plist";
				LD_RUNPATH_SEARCH_PATHS = "$(inherited) @executable_path/Frameworks @loader_path/Frameworks";
				PRODUCT_NAME = "$(TARGET_NAME)";
				TEST_HOST = "$(BUILT_PRODUCTS_DIR)/Rock Paper Scissors.app/Rock Paper Scissors";
			};
			name = Release;
		};
		4EC07A581A91C8AE007BF415 /* Debug */ = {
			isa = XCBuildConfiguration;
			buildSettings = {
				ASSETCATALOG_COMPILER_APPICON_NAME = AppIcon;
				ASSETCATALOG_COMPILER_LAUNCHIMAGE_NAME = LaunchImage;
				GCC_PREPROCESSOR_DEFINITIONS = (
					"DEBUG=1",
					"$(inherited)",
				);
				IBSC_MODULE = Rock_Paper_Scissors_WatchKit_Extension;
				INFOPLIST_FILE = "Rock Paper Scissors WatchKit App/Info.plist";
				PRODUCT_NAME = "$(TARGET_NAME)";
				SKIP_INSTALL = YES;
				TARGETED_DEVICE_FAMILY = 4;
				"TARGETED_DEVICE_FAMILY[sdk=iphonesimulator*]" = "1,4";
			};
			name = Debug;
		};
		4EC07A591A91C8AE007BF415 /* Release */ = {
			isa = XCBuildConfiguration;
			buildSettings = {
				ASSETCATALOG_COMPILER_APPICON_NAME = AppIcon;
				ASSETCATALOG_COMPILER_LAUNCHIMAGE_NAME = LaunchImage;
				IBSC_MODULE = Rock_Paper_Scissors_WatchKit_Extension;
				INFOPLIST_FILE = "Rock Paper Scissors WatchKit App/Info.plist";
				PRODUCT_NAME = "$(TARGET_NAME)";
				SKIP_INSTALL = YES;
				TARGETED_DEVICE_FAMILY = 4;
				"TARGETED_DEVICE_FAMILY[sdk=iphonesimulator*]" = "1,4";
			};
			name = Release;
		};
		4EC07A5B1A91C8AE007BF415 /* Debug */ = {
			isa = XCBuildConfiguration;
			buildSettings = {
				GCC_PREPROCESSOR_DEFINITIONS = (
					"DEBUG=1",
					"$(inherited)",
				);
				INFOPLIST_FILE = "Rock Paper Scissors WatchKit Extension/Info.plist";
				LD_RUNPATH_SEARCH_PATHS = "$(inherited) @executable_path/Frameworks @executable_path/../../Frameworks";
				PRODUCT_NAME = "${TARGET_NAME}";
				SKIP_INSTALL = YES;
			};
			name = Debug;
		};
		4EC07A5C1A91C8AE007BF415 /* Release */ = {
			isa = XCBuildConfiguration;
			buildSettings = {
				INFOPLIST_FILE = "Rock Paper Scissors WatchKit Extension/Info.plist";
				LD_RUNPATH_SEARCH_PATHS = "$(inherited) @executable_path/Frameworks @executable_path/../../Frameworks";
				PRODUCT_NAME = "${TARGET_NAME}";
				SKIP_INSTALL = YES;
			};
			name = Release;
		};
/* End XCBuildConfiguration section */

/* Begin XCConfigurationList section */
		4EC07A0D1A91C898007BF415 /* Build configuration list for PBXProject "Rock Paper Scissors" */ = {
			isa = XCConfigurationList;
			buildConfigurations = (
				4EC07A2F1A91C898007BF415 /* Debug */,
				4EC07A301A91C898007BF415 /* Release */,
			);
			defaultConfigurationIsVisible = 0;
			defaultConfigurationName = Release;
		};
		4EC07A311A91C898007BF415 /* Build configuration list for PBXNativeTarget "Rock Paper Scissors" */ = {
			isa = XCConfigurationList;
			buildConfigurations = (
				4EC07A321A91C898007BF415 /* Debug */,
				4EC07A331A91C898007BF415 /* Release */,
			);
			defaultConfigurationIsVisible = 0;
		};
		4EC07A341A91C898007BF415 /* Build configuration list for PBXNativeTarget "Rock Paper ScissorsTests" */ = {
			isa = XCConfigurationList;
			buildConfigurations = (
				4EC07A351A91C898007BF415 /* Debug */,
				4EC07A361A91C898007BF415 /* Release */,
			);
			defaultConfigurationIsVisible = 0;
		};
		4EC07A571A91C8AE007BF415 /* Build configuration list for PBXNativeTarget "Rock Paper Scissors WatchKit App" */ = {
			isa = XCConfigurationList;
			buildConfigurations = (
				4EC07A581A91C8AE007BF415 /* Debug */,
				4EC07A591A91C8AE007BF415 /* Release */,
			);
			defaultConfigurationIsVisible = 0;
		};
		4EC07A5A1A91C8AE007BF415 /* Build configuration list for PBXNativeTarget "Rock Paper Scissors WatchKit Extension" */ = {
			isa = XCConfigurationList;
			buildConfigurations = (
				4EC07A5B1A91C8AE007BF415 /* Debug */,
				4EC07A5C1A91C8AE007BF415 /* Release */,
			);
			defaultConfigurationIsVisible = 0;
		};
/* End XCConfigurationList section */
	};
	rootObject = 4EC07A0A1A91C898007BF415 /* Project object */;
}
